
Microsoft Visual Studio Solution File, Format Version 12.00
# Visual Studio Version 17
VisualStudioVersion = 17.12.35707.178
MinimumVisualStudioVersion = 10.0.40219.1
Project("{8BC9CEB8-8B4A-11D0-8D11-00A0C91BC942}") = "practice1", "practice1\practice1.vcxproj", "{2D110620-45C3-4E19-8517-0C4293E5AD43}"
EndProject
Project("{8BC9CEB8-8B4A-11D0-8D11-00A0C91BC942}") = "practice2", "practice2\practice2.vcxproj", "{E11C8AB4-0D1E-4948-A7F5-EFD769F50798}"
EndProject
Project("{8BC9CEB8-8B4A-11D0-8D11-00A0C91BC942}") = "homework1", "homework1\homework1.vcxproj", "{381ED3AF-7BD1-46F9-88BB-3A06C03E28FD}"
EndProject
Project("{8BC9CEB8-8B4A-11D0-8D11-00A0C91BC942}") = "Project6", "Project6\Project6.vcxproj", "{9FEC7936-ACE5-4A61-9466-DA9482DC02AD}"
EndProject
Project("{8BC9CEB8-8B4A-11D0-8D11-00A0C91BC942}") = "binarysearch", "binarysearch\binarysearch.vcxproj", "{312A3298-97A4-47ED-8B2B-0438DB429E39}"
EndProject
Project("{8BC9CEB8-8B4A-11D0-8D11-00A0C91BC942}") = "homeworkchapter10_2", "homeworkchapter10_2\homeworkchapter10_2.vcxproj", "{9161E399-567A-4E54-92AB-6520C2470725}"
EndProject
Project("{8BC9CEB8-8B4A-11D0-8D11-00A0C91BC942}") = "binarytransper", "binarytransper\binarytransper.vcxproj", "{C5390359-2768-4855-9823-7AB3694C9108}"
EndProject
Project("{8BC9CEB8-8B4A-11D0-8D11-00A0C91BC942}") = "Project1", "Project1\Project1.vcxproj", "{69623B13-A400-4FE6-86A4-A0AC0EE83815}"
EndProject
Global
	GlobalSection(SolutionConfigurationPlatforms) = preSolution
		Debug|x64 = Debug|x64
		Debug|x86 = Debug|x86
		Release|x64 = Release|x64
		Release|x86 = Release|x86
	EndGlobalSection
	GlobalSection(ProjectConfigurationPlatforms) = postSolution
		{2D110620-45C3-4E19-8517-0C4293E5AD43}.Debug|x64.ActiveCfg = Debug|x64
		{2D110620-45C3-4E19-8517-0C4293E5AD43}.Debug|x64.Build.0 = Debug|x64
		{2D110620-45C3-4E19-8517-0C4293E5AD43}.Debug|x86.ActiveCfg = Debug|Win32
		{2D110620-45C3-4E19-8517-0C4293E5AD43}.Debug|x86.Build.0 = Debug|Win32
		{2D110620-45C3-4E19-8517-0C4293E5AD43}.Release|x64.ActiveCfg = Release|x64
		{2D110620-45C3-4E19-8517-0C4293E5AD43}.Release|x64.Build.0 = Release|x64
		{2D110620-45C3-4E19-8517-0C4293E5AD43}.Release|x86.ActiveCfg = Release|Win32
		{2D110620-45C3-4E19-8517-0C4293E5AD43}.Release|x86.Build.0 = Release|Win32
		{E11C8AB4-0D1E-4948-A7F5-EFD769F50798}.Debug|x64.ActiveCfg = Debug|x64
		{E11C8AB4-0D1E-4948-A7F5-EFD769F50798}.Debug|x64.Build.0 = Debug|x64
		{E11C8AB4-0D1E-4948-A7F5-EFD769F50798}.Debug|x86.ActiveCfg = Debug|Win32
		{E11C8AB4-0D1E-4948-A7F5-EFD769F50798}.Debug|x86.Build.0 = Debug|Win32
		{E11C8AB4-0D1E-4948-A7F5-EFD769F50798}.Release|x64.ActiveCfg = Release|x64
		{E11C8AB4-0D1E-4948-A7F5-EFD769F50798}.Release|x64.Build.0 = Release|x64
		{E11C8AB4-0D1E-4948-A7F5-EFD769F50798}.Release|x86.ActiveCfg = Release|Win32
		{E11C8AB4-0D1E-4948-A7F5-EFD769F50798}.Release|x86.Build.0 = Release|Win32
		{381ED3AF-7BD1-46F9-88BB-3A06C03E28FD}.Debug|x64.ActiveCfg = Debug|x64
		{381ED3AF-7BD1-46F9-88BB-3A06C03E28FD}.Debug|x64.Build.0 = Debug|x64
		{381ED3AF-7BD1-46F9-88BB-3A06C03E28FD}.Debug|x86.ActiveCfg = Debug|Win32
		{381ED3AF-7BD1-46F9-88BB-3A06C03E28FD}.Debug|x86.Build.0 = Debug|Win32
		{381ED3AF-7BD1-46F9-88BB-3A06C03E28FD}.Release|x64.ActiveCfg = Release|x64
		{381ED3AF-7BD1-46F9-88BB-3A06C03E28FD}.Release|x64.Build.0 = Release|x64
		{381ED3AF-7BD1-46F9-88BB-3A06C03E28FD}.Release|x86.ActiveCfg = Release|Win32
		{381ED3AF-7BD1-46F9-88BB-3A06C03E28FD}.Release|x86.Build.0 = Release|Win32
		{9FEC7936-ACE5-4A61-9466-DA9482DC02AD}.Debug|x64.ActiveCfg = Debug|x64
		{9FEC7936-ACE5-4A61-9466-DA9482DC02AD}.Debug|x64.Build.0 = Debug|x64
		{9FEC7936-ACE5-4A61-9466-DA9482DC02AD}.Debug|x86.ActiveCfg = Debug|Win32
		{9FEC7936-ACE5-4A61-9466-DA9482DC02AD}.Debug|x86.Build.0 = Debug|Win32
		{9FEC7936-ACE5-4A61-9466-DA9482DC02AD}.Release|x64.ActiveCfg = Release|x64
		{9FEC7936-ACE5-4A61-9466-DA9482DC02AD}.Release|x64.Build.0 = Release|x64
		{9FEC7936-ACE5-4A61-9466-DA9482DC02AD}.Release|x86.ActiveCfg = Release|Win32
		{9FEC7936-ACE5-4A61-9466-DA9482DC02AD}.Release|x86.Build.0 = Release|Win32
		{312A3298-97A4-47ED-8B2B-0438DB429E39}.Debug|x64.ActiveCfg = Debug|x64
		{312A3298-97A4-47ED-8B2B-0438DB429E39}.Debug|x64.Build.0 = Debug|x64
		{312A3298-97A4-47ED-8B2B-0438DB429E39}.Debug|x86.ActiveCfg = Debug|Win32
		{312A3298-97A4-47ED-8B2B-0438DB429E39}.Debug|x86.Build.0 = Debug|Win32
		{312A3298-97A4-47ED-8B2B-0438DB429E39}.Release|x64.ActiveCfg = Release|x64
		{312A3298-97A4-47ED-8B2B-0438DB429E39}.Release|x64.Build.0 = Release|x64
		{312A3298-97A4-47ED-8B2B-0438DB429E39}.Release|x86.ActiveCfg = Release|Win32
		{312A3298-97A4-47ED-8B2B-0438DB429E39}.Release|x86.Build.0 = Release|Win32
		{9161E399-567A-4E54-92AB-6520C2470725}.Debug|x64.ActiveCfg = Debug|x64
		{9161E399-567A-4E54-92AB-6520C2470725}.Debug|x64.Build.0 = Debug|x64
		{9161E399-567A-4E54-92AB-6520C2470725}.Debug|x86.ActiveCfg = Debug|Win32
		{9161E399-567A-4E54-92AB-6520C2470725}.Debug|x86.Build.0 = Debug|Win32
		{9161E399-567A-4E54-92AB-6520C2470725}.Release|x64.ActiveCfg = Release|x64
		{9161E399-567A-4E54-92AB-6520C2470725}.Release|x64.Build.0 = Release|x64
		{9161E399-567A-4E54-92AB-6520C2470725}.Release|x86.ActiveCfg = Release|Win32
		{9161E399-567A-4E54-92AB-6520C2470725}.Release|x86.Build.0 = Release|Win32
		{C5390359-2768-4855-9823-7AB3694C9108}.Debug|x64.ActiveCfg = Debug|x64
		{C5390359-2768-4855-9823-7AB3694C9108}.Debug|x64.Build.0 = Debug|x64
		{C5390359-2768-4855-9823-7AB3694C9108}.Debug|x86.ActiveCfg = Debug|Win32
		{C5390359-2768-4855-9823-7AB3694C9108}.Debug|x86.Build.0 = Debug|Win32
		{C5390359-2768-4855-9823-7AB3694C9108}.Release|x64.ActiveCfg = Release|x64
		{C5390359-2768-4855-9823-7AB3694C9108}.Release|x64.Build.0 = Release|x64
		{C5390359-2768-4855-9823-7AB3694C9108}.Release|x86.ActiveCfg = Release|Win32
		{C5390359-2768-4855-9823-7AB3694C9108}.Release|x86.Build.0 = Release|Win32
		{69623B13-A400-4FE6-86A4-A0AC0EE83815}.Debug|x64.ActiveCfg = Debug|x64
		{69623B13-A400-4FE6-86A4-A0AC0EE83815}.Debug|x64.Build.0 = Debug|x64
		{69623B13-A400-4FE6-86A4-A0AC0EE83815}.Debug|x86.ActiveCfg = Debug|Win32
		{69623B13-A400-4FE6-86A4-A0AC0EE83815}.Debug|x86.Build.0 = Debug|Win32
		{69623B13-A400-4FE6-86A4-A0AC0EE83815}.Release|x64.ActiveCfg = Release|x64
		{69623B13-A400-4FE6-86A4-A0AC0EE83815}.Release|x64.Build.0 = Release|x64
		{69623B13-A400-4FE6-86A4-A0AC0EE83815}.Release|x86.ActiveCfg = Release|Win32
		{69623B13-A400-4FE6-86A4-A0AC0EE83815}.Release|x86.Build.0 = Release|Win32
	EndGlobalSection
	GlobalSection(SolutionProperties) = preSolution
		HideSolutionNode = FALSE
	EndGlobalSection
EndGlobal
